
Microsoft Visual Studio Solution File, Format Version 12.00
# Visual Studio Version 16
VisualStudioVersion = 16.0.32228.343
MinimumVisualStudioVersion = 10.0.40219.1
Project("{2150E333-8FDC-42A3-9474-1A3956D46DE8}") = "Chapter02", "Chapter02", "{6D55E7E9-1B83-47F8-A7D6-4F644E508D61}"
EndProject
Project("{FAE04EC0-301F-11D3-BF4B-00C04F79EFBC}") = "DistanceConverter", "Chapter02\DistanceConverter\DistanceConverter.csproj", "{3EF7A5E0-ECBF-4999-BD43-C1D5830299E4}"
EndProject
Project("{FAE04EC0-301F-11D3-BF4B-00C04F79EFBC}") = "SalesCalculator", "Chapter02\SalesCalculator\SalesCalculator.csproj", "{A14266B3-BBD7-43B0-86A2-60CD79A9A0A8}"
EndProject
Project("{FAE04EC0-301F-11D3-BF4B-00C04F79EFBC}") = "Exercise", "Chapter02\Exercise\Exercise.csproj", "{527AC9AB-E78A-4935-AB77-D85F7DB34757}"
EndProject
Project("{FAE04EC0-301F-11D3-BF4B-00C04F79EFBC}") = "Exercise02", "Chapter02\Exercise02\Exercise02.csproj", "{8E93E2BD-CB77-4192-974A-E92742285D31}"
EndProject
Project("{FAE04EC0-301F-11D3-BF4B-00C04F79EFBC}") = "Exercise03", "Chapter02\Exercise03\Exercise03.csproj", "{A5A4A002-FD38-40DF-B73F-DEE02552B417}"
EndProject
Project("{2150E333-8FDC-42A3-9474-1A3956D46DE8}") = "Chapter03", "Chapter03", "{9B3AADC7-8B07-4153-AB5C-6D40CB6A162B}"
EndProject
Project("{FAE04EC0-301F-11D3-BF4B-00C04F79EFBC}") = "Section01", "Chapter03\Section01\Section01.csproj", "{EA620AF5-387E-4D74-BD33-0CD9884184B3}"
EndProject
Project("{FAE04EC0-301F-11D3-BF4B-00C04F79EFBC}") = "Exercise01", "Chapter03\Exercise01\Exercise01.csproj", "{FB972F08-1FC0-414F-B700-71318E26A749}"
EndProject
Project("{FAE04EC0-301F-11D3-BF4B-00C04F79EFBC}") = "Section04", "Chapter03\Section04\Section04.csproj", "{1DFDDF38-9A46-4338-B038-AD120BAFC6BB}"
EndProject
Project("{FAE04EC0-301F-11D3-BF4B-00C04F79EFBC}") = "Exercise02", "Chapter03\Exercise02\Exercise02.csproj", "{9DC9B93D-688F-4B0B-9533-00D90ECACC83}"
EndProject
Project("{2150E333-8FDC-42A3-9474-1A3956D46DE8}") = "Chapter04", "Chapter04", "{15FD1607-0609-4183-B8A8-5C06C4741509}"
EndProject
Project("{FAE04EC0-301F-11D3-BF4B-00C04F79EFBC}") = "Exercise01", "Chapter04\Exercise01\Exercise01.csproj", "{8D9DC1AD-B51E-4204-B230-0B52995B9BDB}"
EndProject
Project("{FAE04EC0-301F-11D3-BF4B-00C04F79EFBC}") = "Exercise02", "Chapter04\Exercise02\Exercise02.csproj", "{4954BA8B-FDCD-41FD-8F52-2B4A204554FF}"
EndProject
Global
	GlobalSection(SolutionConfigurationPlatforms) = preSolution
		Debug|Any CPU = Debug|Any CPU
		Release|Any CPU = Release|Any CPU
	EndGlobalSection
	GlobalSection(ProjectConfigurationPlatforms) = postSolution
		{3EF7A5E0-ECBF-4999-BD43-C1D5830299E4}.Debug|Any CPU.ActiveCfg = Debug|Any CPU
		{3EF7A5E0-ECBF-4999-BD43-C1D5830299E4}.Debug|Any CPU.Build.0 = Debug|Any CPU
		{3EF7A5E0-ECBF-4999-BD43-C1D5830299E4}.Release|Any CPU.ActiveCfg = Release|Any CPU
		{3EF7A5E0-ECBF-4999-BD43-C1D5830299E4}.Release|Any CPU.Build.0 = Release|Any CPU
		{A14266B3-BBD7-43B0-86A2-60CD79A9A0A8}.Debug|Any CPU.ActiveCfg = Debug|Any CPU
		{A14266B3-BBD7-43B0-86A2-60CD79A9A0A8}.Debug|Any CPU.Build.0 = Debug|Any CPU
		{A14266B3-BBD7-43B0-86A2-60CD79A9A0A8}.Release|Any CPU.ActiveCfg = Release|Any CPU
		{A14266B3-BBD7-43B0-86A2-60CD79A9A0A8}.Release|Any CPU.Build.0 = Release|Any CPU
		{527AC9AB-E78A-4935-AB77-D85F7DB34757}.Debug|Any CPU.ActiveCfg = Debug|Any CPU
		{527AC9AB-E78A-4935-AB77-D85F7DB34757}.Debug|Any CPU.Build.0 = Debug|Any CPU
		{527AC9AB-E78A-4935-AB77-D85F7DB34757}.Release|Any CPU.ActiveCfg = Release|Any CPU
		{527AC9AB-E78A-4935-AB77-D85F7DB34757}.Release|Any CPU.Build.0 = Release|Any CPU
		{8E93E2BD-CB77-4192-974A-E92742285D31}.Debug|Any CPU.ActiveCfg = Debug|Any CPU
		{8E93E2BD-CB77-4192-974A-E92742285D31}.Debug|Any CPU.Build.0 = Debug|Any CPU
		{8E93E2BD-CB77-4192-974A-E92742285D31}.Release|Any CPU.ActiveCfg = Release|Any CPU
		{8E93E2BD-CB77-4192-974A-E92742285D31}.Release|Any CPU.Build.0 = Release|Any CPU
		{A5A4A002-FD38-40DF-B73F-DEE02552B417}.Debug|Any CPU.ActiveCfg = Debug|Any CPU
		{A5A4A002-FD38-40DF-B73F-DEE02552B417}.Debug|Any CPU.Build.0 = Debug|Any CPU
		{A5A4A002-FD38-40DF-B73F-DEE02552B417}.Release|Any CPU.ActiveCfg = Release|Any CPU
		{A5A4A002-FD38-40DF-B73F-DEE02552B417}.Release|Any CPU.Build.0 = Release|Any CPU
		{EA620AF5-387E-4D74-BD33-0CD9884184B3}.Debug|Any CPU.ActiveCfg = Debug|Any CPU
		{EA620AF5-387E-4D74-BD33-0CD9884184B3}.Debug|Any CPU.Build.0 = Debug|Any CPU
		{EA620AF5-387E-4D74-BD33-0CD9884184B3}.Release|Any CPU.ActiveCfg = Release|Any CPU
		{EA620AF5-387E-4D74-BD33-0CD9884184B3}.Release|Any CPU.Build.0 = Release|Any CPU
		{FB972F08-1FC0-414F-B700-71318E26A749}.Debug|Any CPU.ActiveCfg = Debug|Any CPU
		{FB972F08-1FC0-414F-B700-71318E26A749}.Debug|Any CPU.Build.0 = Debug|Any CPU
		{FB972F08-1FC0-414F-B700-71318E26A749}.Release|Any CPU.ActiveCfg = Release|Any CPU
		{FB972F08-1FC0-414F-B700-71318E26A749}.Release|Any CPU.Build.0 = Release|Any CPU
		{1DFDDF38-9A46-4338-B038-AD120BAFC6BB}.Debug|Any CPU.ActiveCfg = Debug|Any CPU
		{1DFDDF38-9A46-4338-B038-AD120BAFC6BB}.Debug|Any CPU.Build.0 = Debug|Any CPU
		{1DFDDF38-9A46-4338-B038-AD120BAFC6BB}.Release|Any CPU.ActiveCfg = Release|Any CPU
		{1DFDDF38-9A46-4338-B038-AD120BAFC6BB}.Release|Any CPU.Build.0 = Release|Any CPU
		{9DC9B93D-688F-4B0B-9533-00D90ECACC83}.Debug|Any CPU.ActiveCfg = Debug|Any CPU
		{9DC9B93D-688F-4B0B-9533-00D90ECACC83}.Debug|Any CPU.Build.0 = Debug|Any CPU
		{9DC9B93D-688F-4B0B-9533-00D90ECACC83}.Release|Any CPU.ActiveCfg = Release|Any CPU
		{9DC9B93D-688F-4B0B-9533-00D90ECACC83}.Release|Any CPU.Build.0 = Release|Any CPU
		{8D9DC1AD-B51E-4204-B230-0B52995B9BDB}.Debug|Any CPU.ActiveCfg = Debug|Any CPU
		{8D9DC1AD-B51E-4204-B230-0B52995B9BDB}.Debug|Any CPU.Build.0 = Debug|Any CPU
		{8D9DC1AD-B51E-4204-B230-0B52995B9BDB}.Release|Any CPU.ActiveCfg = Release|Any CPU
		{8D9DC1AD-B51E-4204-B230-0B52995B9BDB}.Release|Any CPU.Build.0 = Release|Any CPU
		{4954BA8B-FDCD-41FD-8F52-2B4A204554FF}.Debug|Any CPU.ActiveCfg = Debug|Any CPU
		{4954BA8B-FDCD-41FD-8F52-2B4A204554FF}.Debug|Any CPU.Build.0 = Debug|Any CPU
		{4954BA8B-FDCD-41FD-8F52-2B4A204554FF}.Release|Any CPU.ActiveCfg = Release|Any CPU
		{4954BA8B-FDCD-41FD-8F52-2B4A204554FF}.Release|Any CPU.Build.0 = Release|Any CPU
	EndGlobalSection
	GlobalSection(SolutionProperties) = preSolution
		HideSolutionNode = FALSE
	EndGlobalSection
	GlobalSection(NestedProjects) = preSolution
		{3EF7A5E0-ECBF-4999-BD43-C1D5830299E4} = {6D55E7E9-1B83-47F8-A7D6-4F644E508D61}
		{A14266B3-BBD7-43B0-86A2-60CD79A9A0A8} = {6D55E7E9-1B83-47F8-A7D6-4F644E508D61}
		{527AC9AB-E78A-4935-AB77-D85F7DB34757} = {6D55E7E9-1B83-47F8-A7D6-4F644E508D61}
		{8E93E2BD-CB77-4192-974A-E92742285D31} = {6D55E7E9-1B83-47F8-A7D6-4F644E508D61}
		{A5A4A002-FD38-40DF-B73F-DEE02552B417} = {6D55E7E9-1B83-47F8-A7D6-4F644E508D61}
		{EA620AF5-387E-4D74-BD33-0CD9884184B3} = {9B3AADC7-8B07-4153-AB5C-6D40CB6A162B}
		{FB972F08-1FC0-414F-B700-71318E26A749} = {9B3AADC7-8B07-4153-AB5C-6D40CB6A162B}
		{1DFDDF38-9A46-4338-B038-AD120BAFC6BB} = {9B3AADC7-8B07-4153-AB5C-6D40CB6A162B}
		{9DC9B93D-688F-4B0B-9533-00D90ECACC83} = {9B3AADC7-8B07-4153-AB5C-6D40CB6A162B}
		{8D9DC1AD-B51E-4204-B230-0B52995B9BDB} = {15FD1607-0609-4183-B8A8-5C06C4741509}
		{4954BA8B-FDCD-41FD-8F52-2B4A204554FF} = {15FD1607-0609-4183-B8A8-5C06C4741509}
	EndGlobalSection
	GlobalSection(ExtensibilityGlobals) = postSolution
		SolutionGuid = {F871291D-6110-438A-A7FB-376200DE7A4E}
	EndGlobalSection
EndGlobal
