
Microsoft Visual Studio Solution File, Format Version 12.00
# Visual Studio Version 16
VisualStudioVersion = 16.0.32228.343
MinimumVisualStudioVersion = 10.0.40219.1
Project("{2150E333-8FDC-42A3-9474-1A3956D46DE8}") = "Chapter02", "Chapter02", "{6D55E7E9-1B83-47F8-A7D6-4F644E508D61}"
EndProject
Project("{FAE04EC0-301F-11D3-BF4B-00C04F79EFBC}") = "DistanceConverter", "Chapter02\DistanceConverter\DistanceConverter.csproj", "{3EF7A5E0-ECBF-4999-BD43-C1D5830299E4}"
EndProject
Project("{FAE04EC0-301F-11D3-BF4B-00C04F79EFBC}") = "SalesCalculator", "Chapter02\SalesCalculator\SalesCalculator.csproj", "{A14266B3-BBD7-43B0-86A2-60CD79A9A0A8}"
EndProject
Project("{FAE04EC0-301F-11D3-BF4B-00C04F79EFBC}") = "Exercise", "Chapter02\Exercise\Exercise.csproj", "{527AC9AB-E78A-4935-AB77-D85F7DB34757}"
EndProject
Project("{FAE04EC0-301F-11D3-BF4B-00C04F79EFBC}") = "Exercise02", "Chapter02\Exercise02\Exercise02.csproj", "{8E93E2BD-CB77-4192-974A-E92742285D31}"
EndProject
Project("{FAE04EC0-301F-11D3-BF4B-00C04F79EFBC}") = "Exercise03", "Chapter02\Exercise03\Exercise03.csproj", "{A5A4A002-FD38-40DF-B73F-DEE02552B417}"
EndProject
Project("{2150E333-8FDC-42A3-9474-1A3956D46DE8}") = "Chapter03", "Chapter03", "{9B3AADC7-8B07-4153-AB5C-6D40CB6A162B}"
	ProjectSection(SolutionItems) = preProject
		CarReportSystem\CarReport.cs = CarReportSystem\CarReport.cs
	EndProjectSection
EndProject
Project("{FAE04EC0-301F-11D3-BF4B-00C04F79EFBC}") = "Section01", "Chapter03\Section01\Section01.csproj", "{EA620AF5-387E-4D74-BD33-0CD9884184B3}"
EndProject
Project("{FAE04EC0-301F-11D3-BF4B-00C04F79EFBC}") = "Exercise01", "Chapter03\Exercise01\Exercise01.csproj", "{FB972F08-1FC0-414F-B700-71318E26A749}"
EndProject
Project("{FAE04EC0-301F-11D3-BF4B-00C04F79EFBC}") = "Section04", "Chapter03\Section04\Section04.csproj", "{1DFDDF38-9A46-4338-B038-AD120BAFC6BB}"
EndProject
Project("{FAE04EC0-301F-11D3-BF4B-00C04F79EFBC}") = "Exercise02", "Chapter03\Exercise02\Exercise02.csproj", "{9DC9B93D-688F-4B0B-9533-00D90ECACC83}"
EndProject
Project("{2150E333-8FDC-42A3-9474-1A3956D46DE8}") = "Chapter04", "Chapter04", "{15FD1607-0609-4183-B8A8-5C06C4741509}"
EndProject
Project("{FAE04EC0-301F-11D3-BF4B-00C04F79EFBC}") = "Exercise01", "Chapter04\Exercise01\Exercise01.csproj", "{8D9DC1AD-B51E-4204-B230-0B52995B9BDB}"
EndProject
Project("{FAE04EC0-301F-11D3-BF4B-00C04F79EFBC}") = "Exercise02", "Chapter04\Exercise02\Exercise02.csproj", "{4954BA8B-FDCD-41FD-8F52-2B4A204554FF}"
EndProject
Project("{2150E333-8FDC-42A3-9474-1A3956D46DE8}") = "Chapter05", "Chapter05", "{4FB62FD2-2CF5-485E-90B8-3C21A8BC354F}"
EndProject
Project("{FAE04EC0-301F-11D3-BF4B-00C04F79EFBC}") = "Exercise01", "Chapter05\Exercise01\Exercise01.csproj", "{C141B68D-F22C-442D-9EEE-7EF11AC5B2A2}"
EndProject
Project("{FAE04EC0-301F-11D3-BF4B-00C04F79EFBC}") = "Exercise02", "Chapter05\Exercise02\Exercise02.csproj", "{0468D36B-B8AA-4D6F-8BC5-0D4E715E43AA}"
EndProject
Project("{FAE04EC0-301F-11D3-BF4B-00C04F79EFBC}") = "Exercise03", "Chapter05\Exercise03\Exercise03.csproj", "{D7B5095C-DA54-4120-B61F-CBE960146095}"
EndProject
Project("{FAE04EC0-301F-11D3-BF4B-00C04F79EFBC}") = "Exercise04", "Chapter05\Exercise05\Exercise04.csproj", "{6A827255-57B1-4E2B-B3EB-B994FE331C5A}"
EndProject
Project("{2150E333-8FDC-42A3-9474-1A3956D46DE8}") = "Chapter06", "Chapter06", "{DBCECC95-DE33-4AB5-BBC2-67699581E808}"
EndProject
Project("{FAE04EC0-301F-11D3-BF4B-00C04F79EFBC}") = "Exercise01", "Chapter06\Exercise01\Exercise01.csproj", "{755F655F-2660-4E18-A807-4B5EC082B174}"
EndProject
Project("{2150E333-8FDC-42A3-9474-1A3956D46DE8}") = "FormAppSample", "FormAppSample", "{99A1DE23-4549-49BC-8B14-1AE581BCD36B}"
EndProject
Project("{FAE04EC0-301F-11D3-BF4B-00C04F79EFBC}") = "Sample0603", "FormAppSample\Sample0603\Sample0603.csproj", "{C7EDE3F7-C0C4-4C59-AE70-C81A37FE0BB7}"
EndProject
Project("{FAE04EC0-301F-11D3-BF4B-00C04F79EFBC}") = "Sample0607", "FormAppSample\Sample0607\Sample0607.csproj", "{2C9F0B83-46E4-4522-9FD6-4B0982AF7A47}"
EndProject
Project("{FAE04EC0-301F-11D3-BF4B-00C04F79EFBC}") = "NumberGame", "FormAppSample\NumberGame\NumberGame.csproj", "{4803A997-19A8-49E9-834E-70710A246692}"
EndProject
Project("{FAE04EC0-301F-11D3-BF4B-00C04F79EFBC}") = "AddressBook", "FormAppSample\AddressBook\AddressBook.csproj", "{56846712-B26D-4D03-B059-655D2BE2F875}"
EndProject
Project("{2150E333-8FDC-42A3-9474-1A3956D46DE8}") = "Test202206", "Test202206", "{9C10D534-1115-4C82-AC5A-874FF4ADA9BB}"
EndProject
Project("{FAE04EC0-301F-11D3-BF4B-00C04F79EFBC}") = "Test01", "Test202206\TestProject\Test01\Test01.csproj", "{2BFACDC3-F44D-4199-8498-F5C3C4AC0335}"
EndProject
Project("{FAE04EC0-301F-11D3-BF4B-00C04F79EFBC}") = "Test02", "Test202206\TestProject\Test02\Test02.csproj", "{E461C0A8-8900-485C-B520-E929BA33F712}"
EndProject
Project("{2150E333-8FDC-42A3-9474-1A3956D46DE8}") = "NewFolder1", "NewFolder1", "{73C69B28-2CF0-4318-B0F8-DF5EB263FFFA}"
EndProject
Project("{2150E333-8FDC-42A3-9474-1A3956D46DE8}") = "Chapter11", "Chapter11", "{368D549B-BA96-4C1B-AAAF-0FCB98E207EF}"
EndProject
Project("{FAE04EC0-301F-11D3-BF4B-00C04F79EFBC}") = "XmlSample", "Chapter11\XmlSample\XmlSample.csproj", "{AA3D6D6B-FF10-407A-8957-BDF79ED53591}"
EndProject
Project("{FAE04EC0-301F-11D3-BF4B-00C04F79EFBC}") = "RssReader", "Chapter11\RssReader\RssReader.csproj", "{27B203C5-308D-4DFB-A97A-745DA8FDFF2F}"
EndProject
Project("{FAE04EC0-301F-11D3-BF4B-00C04F79EFBC}") = "Exercise1", "Chapter11\Exercise1\Exercise1.csproj", "{76188061-EF4A-4290-B309-FB64151BCFC2}"
EndProject
Project("{2150E333-8FDC-42A3-9474-1A3956D46DE8}") = "Chapter12", "Chapter12", "{0AB69EBA-78D7-4C48-80FB-54806F51162F}"
EndProject
Project("{FAE04EC0-301F-11D3-BF4B-00C04F79EFBC}") = "Exercise01", "Chapter12\Exercise01\Exercise01.csproj", "{E8768064-A49B-4ACA-B0C6-07EF48B012D7}"
EndProject
Project("{FAE04EC0-301F-11D3-BF4B-00C04F79EFBC}") = "Section01", "Chapter12\Section01\Section01.csproj", "{9B8F4AEF-A84A-46ED-B572-34F34D23416E}"
EndProject
Project("{FAE04EC0-301F-11D3-BF4B-00C04F79EFBC}") = "Section02", "Chapter12\Section02\Section02.csproj", "{AEDEBAF3-DAC7-4DA4-B779-2DEA2D8FE11B}"
EndProject
Project("{FAE04EC0-301F-11D3-BF4B-00C04F79EFBC}") = "Exercise02", "Chapter12\Exercise02\Exercise02\Exercise02.csproj", "{D8F96BA3-4BB3-4EBA-A223-D0423103EA67}"
EndProject
Project("{2150E333-8FDC-42A3-9474-1A3956D46DE8}") = "CarReportSystem", "CarReportSystem", "{C2E0C0F3-92EC-4C93-9C9F-10173B438D65}"
EndProject
Project("{FAE04EC0-301F-11D3-BF4B-00C04F79EFBC}") = "CarReportSystem", "CarReportSystem\CarReportSystem.csproj", "{F086291B-4728-489B-BF45-220DED3DB983}"
EndProject
Project("{2150E333-8FDC-42A3-9474-1A3956D46DE8}") = "DesignPattern", "DesignPattern", "{63C33E3C-0F7A-4FA7-8DAE-BB29DA6AA1F3}"
EndProject
Project("{FAE04EC0-301F-11D3-BF4B-00C04F79EFBC}") = "SingletonSample", "DesignPattern\SingletonSample\SingletonSample.csproj", "{889DB3BC-ECDE-4DBD-A615-D19684922B17}"
EndProject
Project("{2150E333-8FDC-42A3-9474-1A3956D46DE8}") = "Chapter17", "Chapter17", "{4DFE93FC-04DE-4609-BC8D-69C54EB6083D}"
EndProject
Project("{FAE04EC0-301F-11D3-BF4B-00C04F79EFBC}") = "Section01", "Chapter17\Section01\Section01.csproj", "{C0E152D8-D8A6-40A2-B56A-F7A3FBDA6F77}"
EndProject
Project("{2150E333-8FDC-42A3-9474-1A3956D46DE8}") = "TemplateMethod", "TemplateMethod", "{E6DCBFCA-2DC2-41F0-BFF6-F27512E3F65F}"
EndProject
Project("{FAE04EC0-301F-11D3-BF4B-00C04F79EFBC}") = "LineCounter", "Chapter17\TemplateMethod\LineCounter\LineCounter.csproj", "{D5B6A6FB-EBEC-4F21-B958-F0CF547BA5D0}"
EndProject
Project("{FAE04EC0-301F-11D3-BF4B-00C04F79EFBC}") = "TextFileProcessor", "Chapter17\TemplateMethod\TextFileProcessor\TextFileProcessor.csproj", "{6570B29B-AD2C-4FEB-AE37-CEB55D7FDE16}"
EndProject
Project("{FAE04EC0-301F-11D3-BF4B-00C04F79EFBC}") = "Exercise1", "Chapter17\Exercise1\Exercise1\Exercise1.csproj", "{BC5D7990-4798-42DD-9736-127CEC8911A6}"
EndProject
Project("{2150E333-8FDC-42A3-9474-1A3956D46DE8}") = "Strategy", "Strategy", "{048BDE39-57CA-47DE-8030-E2BBF7DAFA8B}"
EndProject
Project("{FAE04EC0-301F-11D3-BF4B-00C04F79EFBC}") = "DistanceConverter", "Chapter17\Strategy\DistanceConverter\DistanceConverter.csproj", "{86BE95DD-522F-492C-8178-21009ACB7454}"
EndProject
Project("{2150E333-8FDC-42A3-9474-1A3956D46DE8}") = "ADONET", "ADONET", "{0DC6F264-03F6-4F96-B3D3-417C420024AA}"
EndProject
Project("{FAE04EC0-301F-11D3-BF4B-00C04F79EFBC}") = "DataBaseSample", "ADONET\DataBaseSample\DataBaseSample.csproj", "{2D037630-3D57-48C2-948D-1A91D0B28C51}"
EndProject
Project("{FAE04EC0-301F-11D3-BF4B-00C04F79EFBC}") = "AddressBook", "ADONET\AddressBook\AddressBook.csproj", "{967E8D76-EE4D-43FF-9EF1-FD566534CB14}"
EndProject
Project("{2150E333-8FDC-42A3-9474-1A3956D46DE8}") = "Chapter13", "Chapter13", "{CE2262DE-B171-4F5F-8771-8FD9309089BA}"
EndProject
Project("{FAE04EC0-301F-11D3-BF4B-00C04F79EFBC}") = "SampleEntityFramework", "Chapter13\SampleEntityFramework\SampleEntityFramework.csproj", "{DC59221C-9D2D-49C4-8E02-60808A970641}"
EndProject
Project("{2150E333-8FDC-42A3-9474-1A3956D46DE8}") = "Chapter15", "Chapter15", "{AA939D5A-8276-443E-8F19-E58D4FAB1C92}"
EndProject
Project("{FAE04EC0-301F-11D3-BF4B-00C04F79EFBC}") = "Chapter15", "Chaptre15\Chapter15\Chapter15.csproj", "{27436D2F-CF3B-42EC-9BD3-171C6588F1D3}"
EndProject
Project("{2150E333-8FDC-42A3-9474-1A3956D46DE8}") = "WPF", "WPF", "{8F777D40-2BAC-468A-A9C0-85BE2DB685BE}"
EndProject
Project("{FAE04EC0-301F-11D3-BF4B-00C04F79EFBC}") = "SampleApplication", "WPF\SampleApplication\SampleApplication.csproj", "{E0925DBD-C6CC-48E9-B74C-99148C909253}"
EndProject
Project("{FAE04EC0-301F-11D3-BF4B-00C04F79EFBC}") = "NumberGame", "WPF\NumberGame\NumberGame.csproj", "{CB91D7A3-0FAA-4208-957C-21DF227EFF04}"
EndProject
Global
	GlobalSection(SolutionConfigurationPlatforms) = preSolution
		Debug|Any CPU = Debug|Any CPU
		Release|Any CPU = Release|Any CPU
	EndGlobalSection
	GlobalSection(ProjectConfigurationPlatforms) = postSolution
		{3EF7A5E0-ECBF-4999-BD43-C1D5830299E4}.Debug|Any CPU.ActiveCfg = Debug|Any CPU
		{3EF7A5E0-ECBF-4999-BD43-C1D5830299E4}.Debug|Any CPU.Build.0 = Debug|Any CPU
		{3EF7A5E0-ECBF-4999-BD43-C1D5830299E4}.Release|Any CPU.ActiveCfg = Release|Any CPU
		{3EF7A5E0-ECBF-4999-BD43-C1D5830299E4}.Release|Any CPU.Build.0 = Release|Any CPU
		{A14266B3-BBD7-43B0-86A2-60CD79A9A0A8}.Debug|Any CPU.ActiveCfg = Debug|Any CPU
		{A14266B3-BBD7-43B0-86A2-60CD79A9A0A8}.Debug|Any CPU.Build.0 = Debug|Any CPU
		{A14266B3-BBD7-43B0-86A2-60CD79A9A0A8}.Release|Any CPU.ActiveCfg = Release|Any CPU
		{A14266B3-BBD7-43B0-86A2-60CD79A9A0A8}.Release|Any CPU.Build.0 = Release|Any CPU
		{527AC9AB-E78A-4935-AB77-D85F7DB34757}.Debug|Any CPU.ActiveCfg = Debug|Any CPU
		{527AC9AB-E78A-4935-AB77-D85F7DB34757}.Debug|Any CPU.Build.0 = Debug|Any CPU
		{527AC9AB-E78A-4935-AB77-D85F7DB34757}.Release|Any CPU.ActiveCfg = Release|Any CPU
		{527AC9AB-E78A-4935-AB77-D85F7DB34757}.Release|Any CPU.Build.0 = Release|Any CPU
		{8E93E2BD-CB77-4192-974A-E92742285D31}.Debug|Any CPU.ActiveCfg = Debug|Any CPU
		{8E93E2BD-CB77-4192-974A-E92742285D31}.Debug|Any CPU.Build.0 = Debug|Any CPU
		{8E93E2BD-CB77-4192-974A-E92742285D31}.Release|Any CPU.ActiveCfg = Release|Any CPU
		{8E93E2BD-CB77-4192-974A-E92742285D31}.Release|Any CPU.Build.0 = Release|Any CPU
		{A5A4A002-FD38-40DF-B73F-DEE02552B417}.Debug|Any CPU.ActiveCfg = Debug|Any CPU
		{A5A4A002-FD38-40DF-B73F-DEE02552B417}.Debug|Any CPU.Build.0 = Debug|Any CPU
		{A5A4A002-FD38-40DF-B73F-DEE02552B417}.Release|Any CPU.ActiveCfg = Release|Any CPU
		{A5A4A002-FD38-40DF-B73F-DEE02552B417}.Release|Any CPU.Build.0 = Release|Any CPU
		{EA620AF5-387E-4D74-BD33-0CD9884184B3}.Debug|Any CPU.ActiveCfg = Debug|Any CPU
		{EA620AF5-387E-4D74-BD33-0CD9884184B3}.Debug|Any CPU.Build.0 = Debug|Any CPU
		{EA620AF5-387E-4D74-BD33-0CD9884184B3}.Release|Any CPU.ActiveCfg = Release|Any CPU
		{EA620AF5-387E-4D74-BD33-0CD9884184B3}.Release|Any CPU.Build.0 = Release|Any CPU
		{FB972F08-1FC0-414F-B700-71318E26A749}.Debug|Any CPU.ActiveCfg = Debug|Any CPU
		{FB972F08-1FC0-414F-B700-71318E26A749}.Debug|Any CPU.Build.0 = Debug|Any CPU
		{FB972F08-1FC0-414F-B700-71318E26A749}.Release|Any CPU.ActiveCfg = Release|Any CPU
		{FB972F08-1FC0-414F-B700-71318E26A749}.Release|Any CPU.Build.0 = Release|Any CPU
		{1DFDDF38-9A46-4338-B038-AD120BAFC6BB}.Debug|Any CPU.ActiveCfg = Debug|Any CPU
		{1DFDDF38-9A46-4338-B038-AD120BAFC6BB}.Debug|Any CPU.Build.0 = Debug|Any CPU
		{1DFDDF38-9A46-4338-B038-AD120BAFC6BB}.Release|Any CPU.ActiveCfg = Release|Any CPU
		{1DFDDF38-9A46-4338-B038-AD120BAFC6BB}.Release|Any CPU.Build.0 = Release|Any CPU
		{9DC9B93D-688F-4B0B-9533-00D90ECACC83}.Debug|Any CPU.ActiveCfg = Debug|Any CPU
		{9DC9B93D-688F-4B0B-9533-00D90ECACC83}.Debug|Any CPU.Build.0 = Debug|Any CPU
		{9DC9B93D-688F-4B0B-9533-00D90ECACC83}.Release|Any CPU.ActiveCfg = Release|Any CPU
		{9DC9B93D-688F-4B0B-9533-00D90ECACC83}.Release|Any CPU.Build.0 = Release|Any CPU
		{8D9DC1AD-B51E-4204-B230-0B52995B9BDB}.Debug|Any CPU.ActiveCfg = Debug|Any CPU
		{8D9DC1AD-B51E-4204-B230-0B52995B9BDB}.Debug|Any CPU.Build.0 = Debug|Any CPU
		{8D9DC1AD-B51E-4204-B230-0B52995B9BDB}.Release|Any CPU.ActiveCfg = Release|Any CPU
		{8D9DC1AD-B51E-4204-B230-0B52995B9BDB}.Release|Any CPU.Build.0 = Release|Any CPU
		{4954BA8B-FDCD-41FD-8F52-2B4A204554FF}.Debug|Any CPU.ActiveCfg = Debug|Any CPU
		{4954BA8B-FDCD-41FD-8F52-2B4A204554FF}.Debug|Any CPU.Build.0 = Debug|Any CPU
		{4954BA8B-FDCD-41FD-8F52-2B4A204554FF}.Release|Any CPU.ActiveCfg = Release|Any CPU
		{4954BA8B-FDCD-41FD-8F52-2B4A204554FF}.Release|Any CPU.Build.0 = Release|Any CPU
		{C141B68D-F22C-442D-9EEE-7EF11AC5B2A2}.Debug|Any CPU.ActiveCfg = Debug|Any CPU
		{C141B68D-F22C-442D-9EEE-7EF11AC5B2A2}.Debug|Any CPU.Build.0 = Debug|Any CPU
		{C141B68D-F22C-442D-9EEE-7EF11AC5B2A2}.Release|Any CPU.ActiveCfg = Release|Any CPU
		{C141B68D-F22C-442D-9EEE-7EF11AC5B2A2}.Release|Any CPU.Build.0 = Release|Any CPU
		{0468D36B-B8AA-4D6F-8BC5-0D4E715E43AA}.Debug|Any CPU.ActiveCfg = Debug|Any CPU
		{0468D36B-B8AA-4D6F-8BC5-0D4E715E43AA}.Debug|Any CPU.Build.0 = Debug|Any CPU
		{0468D36B-B8AA-4D6F-8BC5-0D4E715E43AA}.Release|Any CPU.ActiveCfg = Release|Any CPU
		{0468D36B-B8AA-4D6F-8BC5-0D4E715E43AA}.Release|Any CPU.Build.0 = Release|Any CPU
		{D7B5095C-DA54-4120-B61F-CBE960146095}.Debug|Any CPU.ActiveCfg = Debug|Any CPU
		{D7B5095C-DA54-4120-B61F-CBE960146095}.Debug|Any CPU.Build.0 = Debug|Any CPU
		{D7B5095C-DA54-4120-B61F-CBE960146095}.Release|Any CPU.ActiveCfg = Release|Any CPU
		{D7B5095C-DA54-4120-B61F-CBE960146095}.Release|Any CPU.Build.0 = Release|Any CPU
		{6A827255-57B1-4E2B-B3EB-B994FE331C5A}.Debug|Any CPU.ActiveCfg = Debug|Any CPU
		{6A827255-57B1-4E2B-B3EB-B994FE331C5A}.Debug|Any CPU.Build.0 = Debug|Any CPU
		{6A827255-57B1-4E2B-B3EB-B994FE331C5A}.Release|Any CPU.ActiveCfg = Release|Any CPU
		{6A827255-57B1-4E2B-B3EB-B994FE331C5A}.Release|Any CPU.Build.0 = Release|Any CPU
		{755F655F-2660-4E18-A807-4B5EC082B174}.Debug|Any CPU.ActiveCfg = Debug|Any CPU
		{755F655F-2660-4E18-A807-4B5EC082B174}.Debug|Any CPU.Build.0 = Debug|Any CPU
		{755F655F-2660-4E18-A807-4B5EC082B174}.Release|Any CPU.ActiveCfg = Release|Any CPU
		{755F655F-2660-4E18-A807-4B5EC082B174}.Release|Any CPU.Build.0 = Release|Any CPU
		{C7EDE3F7-C0C4-4C59-AE70-C81A37FE0BB7}.Debug|Any CPU.ActiveCfg = Debug|Any CPU
		{C7EDE3F7-C0C4-4C59-AE70-C81A37FE0BB7}.Debug|Any CPU.Build.0 = Debug|Any CPU
		{C7EDE3F7-C0C4-4C59-AE70-C81A37FE0BB7}.Release|Any CPU.ActiveCfg = Release|Any CPU
		{C7EDE3F7-C0C4-4C59-AE70-C81A37FE0BB7}.Release|Any CPU.Build.0 = Release|Any CPU
		{2C9F0B83-46E4-4522-9FD6-4B0982AF7A47}.Debug|Any CPU.ActiveCfg = Debug|Any CPU
		{2C9F0B83-46E4-4522-9FD6-4B0982AF7A47}.Debug|Any CPU.Build.0 = Debug|Any CPU
		{2C9F0B83-46E4-4522-9FD6-4B0982AF7A47}.Release|Any CPU.ActiveCfg = Release|Any CPU
		{2C9F0B83-46E4-4522-9FD6-4B0982AF7A47}.Release|Any CPU.Build.0 = Release|Any CPU
		{4803A997-19A8-49E9-834E-70710A246692}.Debug|Any CPU.ActiveCfg = Debug|Any CPU
		{4803A997-19A8-49E9-834E-70710A246692}.Debug|Any CPU.Build.0 = Debug|Any CPU
		{4803A997-19A8-49E9-834E-70710A246692}.Release|Any CPU.ActiveCfg = Release|Any CPU
		{4803A997-19A8-49E9-834E-70710A246692}.Release|Any CPU.Build.0 = Release|Any CPU
		{56846712-B26D-4D03-B059-655D2BE2F875}.Debug|Any CPU.ActiveCfg = Debug|Any CPU
		{56846712-B26D-4D03-B059-655D2BE2F875}.Debug|Any CPU.Build.0 = Debug|Any CPU
		{56846712-B26D-4D03-B059-655D2BE2F875}.Release|Any CPU.ActiveCfg = Release|Any CPU
		{56846712-B26D-4D03-B059-655D2BE2F875}.Release|Any CPU.Build.0 = Release|Any CPU
		{2BFACDC3-F44D-4199-8498-F5C3C4AC0335}.Debug|Any CPU.ActiveCfg = Debug|Any CPU
		{2BFACDC3-F44D-4199-8498-F5C3C4AC0335}.Debug|Any CPU.Build.0 = Debug|Any CPU
		{2BFACDC3-F44D-4199-8498-F5C3C4AC0335}.Release|Any CPU.ActiveCfg = Release|Any CPU
		{2BFACDC3-F44D-4199-8498-F5C3C4AC0335}.Release|Any CPU.Build.0 = Release|Any CPU
		{E461C0A8-8900-485C-B520-E929BA33F712}.Debug|Any CPU.ActiveCfg = Debug|Any CPU
		{E461C0A8-8900-485C-B520-E929BA33F712}.Debug|Any CPU.Build.0 = Debug|Any CPU
		{E461C0A8-8900-485C-B520-E929BA33F712}.Release|Any CPU.ActiveCfg = Release|Any CPU
		{E461C0A8-8900-485C-B520-E929BA33F712}.Release|Any CPU.Build.0 = Release|Any CPU
		{AA3D6D6B-FF10-407A-8957-BDF79ED53591}.Debug|Any CPU.ActiveCfg = Debug|Any CPU
		{AA3D6D6B-FF10-407A-8957-BDF79ED53591}.Debug|Any CPU.Build.0 = Debug|Any CPU
		{AA3D6D6B-FF10-407A-8957-BDF79ED53591}.Release|Any CPU.ActiveCfg = Release|Any CPU
		{AA3D6D6B-FF10-407A-8957-BDF79ED53591}.Release|Any CPU.Build.0 = Release|Any CPU
		{27B203C5-308D-4DFB-A97A-745DA8FDFF2F}.Debug|Any CPU.ActiveCfg = Debug|Any CPU
		{27B203C5-308D-4DFB-A97A-745DA8FDFF2F}.Debug|Any CPU.Build.0 = Debug|Any CPU
		{27B203C5-308D-4DFB-A97A-745DA8FDFF2F}.Release|Any CPU.ActiveCfg = Release|Any CPU
		{27B203C5-308D-4DFB-A97A-745DA8FDFF2F}.Release|Any CPU.Build.0 = Release|Any CPU
		{76188061-EF4A-4290-B309-FB64151BCFC2}.Debug|Any CPU.ActiveCfg = Debug|Any CPU
		{76188061-EF4A-4290-B309-FB64151BCFC2}.Debug|Any CPU.Build.0 = Debug|Any CPU
		{76188061-EF4A-4290-B309-FB64151BCFC2}.Release|Any CPU.ActiveCfg = Release|Any CPU
		{76188061-EF4A-4290-B309-FB64151BCFC2}.Release|Any CPU.Build.0 = Release|Any CPU
		{E8768064-A49B-4ACA-B0C6-07EF48B012D7}.Debug|Any CPU.ActiveCfg = Debug|Any CPU
		{E8768064-A49B-4ACA-B0C6-07EF48B012D7}.Debug|Any CPU.Build.0 = Debug|Any CPU
		{E8768064-A49B-4ACA-B0C6-07EF48B012D7}.Release|Any CPU.ActiveCfg = Release|Any CPU
		{E8768064-A49B-4ACA-B0C6-07EF48B012D7}.Release|Any CPU.Build.0 = Release|Any CPU
		{9B8F4AEF-A84A-46ED-B572-34F34D23416E}.Debug|Any CPU.ActiveCfg = Debug|Any CPU
		{9B8F4AEF-A84A-46ED-B572-34F34D23416E}.Debug|Any CPU.Build.0 = Debug|Any CPU
		{9B8F4AEF-A84A-46ED-B572-34F34D23416E}.Release|Any CPU.ActiveCfg = Release|Any CPU
		{9B8F4AEF-A84A-46ED-B572-34F34D23416E}.Release|Any CPU.Build.0 = Release|Any CPU
		{AEDEBAF3-DAC7-4DA4-B779-2DEA2D8FE11B}.Debug|Any CPU.ActiveCfg = Debug|Any CPU
		{AEDEBAF3-DAC7-4DA4-B779-2DEA2D8FE11B}.Debug|Any CPU.Build.0 = Debug|Any CPU
		{AEDEBAF3-DAC7-4DA4-B779-2DEA2D8FE11B}.Release|Any CPU.ActiveCfg = Release|Any CPU
		{AEDEBAF3-DAC7-4DA4-B779-2DEA2D8FE11B}.Release|Any CPU.Build.0 = Release|Any CPU
		{D8F96BA3-4BB3-4EBA-A223-D0423103EA67}.Debug|Any CPU.ActiveCfg = Debug|Any CPU
		{D8F96BA3-4BB3-4EBA-A223-D0423103EA67}.Debug|Any CPU.Build.0 = Debug|Any CPU
		{D8F96BA3-4BB3-4EBA-A223-D0423103EA67}.Release|Any CPU.ActiveCfg = Release|Any CPU
		{D8F96BA3-4BB3-4EBA-A223-D0423103EA67}.Release|Any CPU.Build.0 = Release|Any CPU
		{F086291B-4728-489B-BF45-220DED3DB983}.Debug|Any CPU.ActiveCfg = Debug|Any CPU
		{F086291B-4728-489B-BF45-220DED3DB983}.Debug|Any CPU.Build.0 = Debug|Any CPU
		{F086291B-4728-489B-BF45-220DED3DB983}.Release|Any CPU.ActiveCfg = Release|Any CPU
		{F086291B-4728-489B-BF45-220DED3DB983}.Release|Any CPU.Build.0 = Release|Any CPU
		{889DB3BC-ECDE-4DBD-A615-D19684922B17}.Debug|Any CPU.ActiveCfg = Debug|Any CPU
		{889DB3BC-ECDE-4DBD-A615-D19684922B17}.Debug|Any CPU.Build.0 = Debug|Any CPU
		{889DB3BC-ECDE-4DBD-A615-D19684922B17}.Release|Any CPU.ActiveCfg = Release|Any CPU
		{889DB3BC-ECDE-4DBD-A615-D19684922B17}.Release|Any CPU.Build.0 = Release|Any CPU
		{C0E152D8-D8A6-40A2-B56A-F7A3FBDA6F77}.Debug|Any CPU.ActiveCfg = Debug|Any CPU
		{C0E152D8-D8A6-40A2-B56A-F7A3FBDA6F77}.Debug|Any CPU.Build.0 = Debug|Any CPU
		{C0E152D8-D8A6-40A2-B56A-F7A3FBDA6F77}.Release|Any CPU.ActiveCfg = Release|Any CPU
		{C0E152D8-D8A6-40A2-B56A-F7A3FBDA6F77}.Release|Any CPU.Build.0 = Release|Any CPU
		{D5B6A6FB-EBEC-4F21-B958-F0CF547BA5D0}.Debug|Any CPU.ActiveCfg = Debug|Any CPU
		{D5B6A6FB-EBEC-4F21-B958-F0CF547BA5D0}.Debug|Any CPU.Build.0 = Debug|Any CPU
		{D5B6A6FB-EBEC-4F21-B958-F0CF547BA5D0}.Release|Any CPU.ActiveCfg = Release|Any CPU
		{D5B6A6FB-EBEC-4F21-B958-F0CF547BA5D0}.Release|Any CPU.Build.0 = Release|Any CPU
		{6570B29B-AD2C-4FEB-AE37-CEB55D7FDE16}.Debug|Any CPU.ActiveCfg = Debug|Any CPU
		{6570B29B-AD2C-4FEB-AE37-CEB55D7FDE16}.Debug|Any CPU.Build.0 = Debug|Any CPU
		{6570B29B-AD2C-4FEB-AE37-CEB55D7FDE16}.Release|Any CPU.ActiveCfg = Release|Any CPU
		{6570B29B-AD2C-4FEB-AE37-CEB55D7FDE16}.Release|Any CPU.Build.0 = Release|Any CPU
		{BC5D7990-4798-42DD-9736-127CEC8911A6}.Debug|Any CPU.ActiveCfg = Debug|Any CPU
		{BC5D7990-4798-42DD-9736-127CEC8911A6}.Debug|Any CPU.Build.0 = Debug|Any CPU
		{BC5D7990-4798-42DD-9736-127CEC8911A6}.Release|Any CPU.ActiveCfg = Release|Any CPU
		{BC5D7990-4798-42DD-9736-127CEC8911A6}.Release|Any CPU.Build.0 = Release|Any CPU
		{86BE95DD-522F-492C-8178-21009ACB7454}.Debug|Any CPU.ActiveCfg = Debug|Any CPU
		{86BE95DD-522F-492C-8178-21009ACB7454}.Debug|Any CPU.Build.0 = Debug|Any CPU
		{86BE95DD-522F-492C-8178-21009ACB7454}.Release|Any CPU.ActiveCfg = Release|Any CPU
		{86BE95DD-522F-492C-8178-21009ACB7454}.Release|Any CPU.Build.0 = Release|Any CPU
		{2D037630-3D57-48C2-948D-1A91D0B28C51}.Debug|Any CPU.ActiveCfg = Debug|Any CPU
		{2D037630-3D57-48C2-948D-1A91D0B28C51}.Debug|Any CPU.Build.0 = Debug|Any CPU
		{2D037630-3D57-48C2-948D-1A91D0B28C51}.Release|Any CPU.ActiveCfg = Release|Any CPU
		{2D037630-3D57-48C2-948D-1A91D0B28C51}.Release|Any CPU.Build.0 = Release|Any CPU
		{967E8D76-EE4D-43FF-9EF1-FD566534CB14}.Debug|Any CPU.ActiveCfg = Debug|Any CPU
		{967E8D76-EE4D-43FF-9EF1-FD566534CB14}.Debug|Any CPU.Build.0 = Debug|Any CPU
		{967E8D76-EE4D-43FF-9EF1-FD566534CB14}.Release|Any CPU.ActiveCfg = Release|Any CPU
		{967E8D76-EE4D-43FF-9EF1-FD566534CB14}.Release|Any CPU.Build.0 = Release|Any CPU
		{DC59221C-9D2D-49C4-8E02-60808A970641}.Debug|Any CPU.ActiveCfg = Debug|Any CPU
		{DC59221C-9D2D-49C4-8E02-60808A970641}.Debug|Any CPU.Build.0 = Debug|Any CPU
		{DC59221C-9D2D-49C4-8E02-60808A970641}.Release|Any CPU.ActiveCfg = Release|Any CPU
		{DC59221C-9D2D-49C4-8E02-60808A970641}.Release|Any CPU.Build.0 = Release|Any CPU
		{27436D2F-CF3B-42EC-9BD3-171C6588F1D3}.Debug|Any CPU.ActiveCfg = Debug|Any CPU
		{27436D2F-CF3B-42EC-9BD3-171C6588F1D3}.Debug|Any CPU.Build.0 = Debug|Any CPU
		{27436D2F-CF3B-42EC-9BD3-171C6588F1D3}.Release|Any CPU.ActiveCfg = Release|Any CPU
		{27436D2F-CF3B-42EC-9BD3-171C6588F1D3}.Release|Any CPU.Build.0 = Release|Any CPU
		{E0925DBD-C6CC-48E9-B74C-99148C909253}.Debug|Any CPU.ActiveCfg = Debug|Any CPU
		{E0925DBD-C6CC-48E9-B74C-99148C909253}.Debug|Any CPU.Build.0 = Debug|Any CPU
		{E0925DBD-C6CC-48E9-B74C-99148C909253}.Release|Any CPU.ActiveCfg = Release|Any CPU
		{E0925DBD-C6CC-48E9-B74C-99148C909253}.Release|Any CPU.Build.0 = Release|Any CPU
		{CB91D7A3-0FAA-4208-957C-21DF227EFF04}.Debug|Any CPU.ActiveCfg = Debug|Any CPU
		{CB91D7A3-0FAA-4208-957C-21DF227EFF04}.Debug|Any CPU.Build.0 = Debug|Any CPU
		{CB91D7A3-0FAA-4208-957C-21DF227EFF04}.Release|Any CPU.ActiveCfg = Release|Any CPU
		{CB91D7A3-0FAA-4208-957C-21DF227EFF04}.Release|Any CPU.Build.0 = Release|Any CPU
	EndGlobalSection
	GlobalSection(SolutionProperties) = preSolution
		HideSolutionNode = FALSE
	EndGlobalSection
	GlobalSection(NestedProjects) = preSolution
		{3EF7A5E0-ECBF-4999-BD43-C1D5830299E4} = {6D55E7E9-1B83-47F8-A7D6-4F644E508D61}
		{A14266B3-BBD7-43B0-86A2-60CD79A9A0A8} = {6D55E7E9-1B83-47F8-A7D6-4F644E508D61}
		{527AC9AB-E78A-4935-AB77-D85F7DB34757} = {6D55E7E9-1B83-47F8-A7D6-4F644E508D61}
		{8E93E2BD-CB77-4192-974A-E92742285D31} = {6D55E7E9-1B83-47F8-A7D6-4F644E508D61}
		{A5A4A002-FD38-40DF-B73F-DEE02552B417} = {6D55E7E9-1B83-47F8-A7D6-4F644E508D61}
		{EA620AF5-387E-4D74-BD33-0CD9884184B3} = {9B3AADC7-8B07-4153-AB5C-6D40CB6A162B}
		{FB972F08-1FC0-414F-B700-71318E26A749} = {9B3AADC7-8B07-4153-AB5C-6D40CB6A162B}
		{1DFDDF38-9A46-4338-B038-AD120BAFC6BB} = {9B3AADC7-8B07-4153-AB5C-6D40CB6A162B}
		{9DC9B93D-688F-4B0B-9533-00D90ECACC83} = {9B3AADC7-8B07-4153-AB5C-6D40CB6A162B}
		{15FD1607-0609-4183-B8A8-5C06C4741509} = {9C10D534-1115-4C82-AC5A-874FF4ADA9BB}
		{8D9DC1AD-B51E-4204-B230-0B52995B9BDB} = {15FD1607-0609-4183-B8A8-5C06C4741509}
		{4954BA8B-FDCD-41FD-8F52-2B4A204554FF} = {15FD1607-0609-4183-B8A8-5C06C4741509}
		{C141B68D-F22C-442D-9EEE-7EF11AC5B2A2} = {4FB62FD2-2CF5-485E-90B8-3C21A8BC354F}
		{0468D36B-B8AA-4D6F-8BC5-0D4E715E43AA} = {4FB62FD2-2CF5-485E-90B8-3C21A8BC354F}
		{D7B5095C-DA54-4120-B61F-CBE960146095} = {4FB62FD2-2CF5-485E-90B8-3C21A8BC354F}
		{6A827255-57B1-4E2B-B3EB-B994FE331C5A} = {4FB62FD2-2CF5-485E-90B8-3C21A8BC354F}
		{755F655F-2660-4E18-A807-4B5EC082B174} = {DBCECC95-DE33-4AB5-BBC2-67699581E808}
		{C7EDE3F7-C0C4-4C59-AE70-C81A37FE0BB7} = {99A1DE23-4549-49BC-8B14-1AE581BCD36B}
		{2C9F0B83-46E4-4522-9FD6-4B0982AF7A47} = {99A1DE23-4549-49BC-8B14-1AE581BCD36B}
		{4803A997-19A8-49E9-834E-70710A246692} = {99A1DE23-4549-49BC-8B14-1AE581BCD36B}
		{56846712-B26D-4D03-B059-655D2BE2F875} = {99A1DE23-4549-49BC-8B14-1AE581BCD36B}
		{2BFACDC3-F44D-4199-8498-F5C3C4AC0335} = {15FD1607-0609-4183-B8A8-5C06C4741509}
		{E461C0A8-8900-485C-B520-E929BA33F712} = {9C10D534-1115-4C82-AC5A-874FF4ADA9BB}
		{73C69B28-2CF0-4318-B0F8-DF5EB263FFFA} = {99A1DE23-4549-49BC-8B14-1AE581BCD36B}
		{AA3D6D6B-FF10-407A-8957-BDF79ED53591} = {368D549B-BA96-4C1B-AAAF-0FCB98E207EF}
		{27B203C5-308D-4DFB-A97A-745DA8FDFF2F} = {368D549B-BA96-4C1B-AAAF-0FCB98E207EF}
		{76188061-EF4A-4290-B309-FB64151BCFC2} = {368D549B-BA96-4C1B-AAAF-0FCB98E207EF}
		{E8768064-A49B-4ACA-B0C6-07EF48B012D7} = {0AB69EBA-78D7-4C48-80FB-54806F51162F}
		{9B8F4AEF-A84A-46ED-B572-34F34D23416E} = {0AB69EBA-78D7-4C48-80FB-54806F51162F}
		{AEDEBAF3-DAC7-4DA4-B779-2DEA2D8FE11B} = {0AB69EBA-78D7-4C48-80FB-54806F51162F}
		{D8F96BA3-4BB3-4EBA-A223-D0423103EA67} = {0AB69EBA-78D7-4C48-80FB-54806F51162F}
		{F086291B-4728-489B-BF45-220DED3DB983} = {C2E0C0F3-92EC-4C93-9C9F-10173B438D65}
		{889DB3BC-ECDE-4DBD-A615-D19684922B17} = {63C33E3C-0F7A-4FA7-8DAE-BB29DA6AA1F3}
		{C0E152D8-D8A6-40A2-B56A-F7A3FBDA6F77} = {4DFE93FC-04DE-4609-BC8D-69C54EB6083D}
		{E6DCBFCA-2DC2-41F0-BFF6-F27512E3F65F} = {4DFE93FC-04DE-4609-BC8D-69C54EB6083D}
		{D5B6A6FB-EBEC-4F21-B958-F0CF547BA5D0} = {E6DCBFCA-2DC2-41F0-BFF6-F27512E3F65F}
		{6570B29B-AD2C-4FEB-AE37-CEB55D7FDE16} = {E6DCBFCA-2DC2-41F0-BFF6-F27512E3F65F}
		{BC5D7990-4798-42DD-9736-127CEC8911A6} = {4DFE93FC-04DE-4609-BC8D-69C54EB6083D}
		{048BDE39-57CA-47DE-8030-E2BBF7DAFA8B} = {4DFE93FC-04DE-4609-BC8D-69C54EB6083D}
		{86BE95DD-522F-492C-8178-21009ACB7454} = {048BDE39-57CA-47DE-8030-E2BBF7DAFA8B}
		{2D037630-3D57-48C2-948D-1A91D0B28C51} = {0DC6F264-03F6-4F96-B3D3-417C420024AA}
		{967E8D76-EE4D-43FF-9EF1-FD566534CB14} = {0DC6F264-03F6-4F96-B3D3-417C420024AA}
		{DC59221C-9D2D-49C4-8E02-60808A970641} = {CE2262DE-B171-4F5F-8771-8FD9309089BA}
		{27436D2F-CF3B-42EC-9BD3-171C6588F1D3} = {AA939D5A-8276-443E-8F19-E58D4FAB1C92}
		{E0925DBD-C6CC-48E9-B74C-99148C909253} = {8F777D40-2BAC-468A-A9C0-85BE2DB685BE}
		{CB91D7A3-0FAA-4208-957C-21DF227EFF04} = {8F777D40-2BAC-468A-A9C0-85BE2DB685BE}
	EndGlobalSection
	GlobalSection(ExtensibilityGlobals) = postSolution
		SolutionGuid = {F871291D-6110-438A-A7FB-376200DE7A4E}
	EndGlobalSection
EndGlobal
