
Microsoft Visual Studio Solution File, Format Version 12.00
# Visual Studio Version 16
VisualStudioVersion = 16.0.32228.343
MinimumVisualStudioVersion = 10.0.40219.1
Project("{2150E333-8FDC-42A3-9474-1A3956D46DE8}") = "Chapter02", "Chapter02", "{6D55E7E9-1B83-47F8-A7D6-4F644E508D61}"
EndProject
Project("{FAE04EC0-301F-11D3-BF4B-00C04F79EFBC}") = "DistanceConverter", "Chapter02\DistanceConverter\DistanceConverter.csproj", "{3EF7A5E0-ECBF-4999-BD43-C1D5830299E4}"
EndProject
Project("{FAE04EC0-301F-11D3-BF4B-00C04F79EFBC}") = "SalesCalculator", "Chapter02\SalesCalculator\SalesCalculator.csproj", "{A14266B3-BBD7-43B0-86A2-60CD79A9A0A8}"
EndProject
Project("{FAE04EC0-301F-11D3-BF4B-00C04F79EFBC}") = "Exercise", "Chapter02\Exercise\Exercise.csproj", "{527AC9AB-E78A-4935-AB77-D85F7DB34757}"
EndProject
Project("{FAE04EC0-301F-11D3-BF4B-00C04F79EFBC}") = "Exercise02", "Chapter02\Exercise02\Exercise02.csproj", "{8E93E2BD-CB77-4192-974A-E92742285D31}"
EndProject
Project("{FAE04EC0-301F-11D3-BF4B-00C04F79EFBC}") = "Exercise03", "Chapter02\Exercise03\Exercise03.csproj", "{A5A4A002-FD38-40DF-B73F-DEE02552B417}"
EndProject
Project("{2150E333-8FDC-42A3-9474-1A3956D46DE8}") = "Chapter03", "Chapter03", "{9B3AADC7-8B07-4153-AB5C-6D40CB6A162B}"
EndProject
Project("{FAE04EC0-301F-11D3-BF4B-00C04F79EFBC}") = "Section01", "Chapter03\Section01\Section01.csproj", "{EA620AF5-387E-4D74-BD33-0CD9884184B3}"
EndProject
Project("{FAE04EC0-301F-11D3-BF4B-00C04F79EFBC}") = "Exercise01", "Chapter03\Exercise01\Exercise01.csproj", "{FB972F08-1FC0-414F-B700-71318E26A749}"
EndProject
Project("{FAE04EC0-301F-11D3-BF4B-00C04F79EFBC}") = "Section04", "Chapter03\Section04\Section04.csproj", "{1DFDDF38-9A46-4338-B038-AD120BAFC6BB}"
EndProject
Project("{FAE04EC0-301F-11D3-BF4B-00C04F79EFBC}") = "Exercise02", "Chapter03\Exercise02\Exercise02.csproj", "{9DC9B93D-688F-4B0B-9533-00D90ECACC83}"
EndProject
Project("{2150E333-8FDC-42A3-9474-1A3956D46DE8}") = "Chapter04", "Chapter04", "{15FD1607-0609-4183-B8A8-5C06C4741509}"
EndProject
Project("{FAE04EC0-301F-11D3-BF4B-00C04F79EFBC}") = "Exercise01", "Chapter04\Exercise01\Exercise01.csproj", "{8D9DC1AD-B51E-4204-B230-0B52995B9BDB}"
EndProject
Project("{FAE04EC0-301F-11D3-BF4B-00C04F79EFBC}") = "Exercise02", "Chapter04\Exercise02\Exercise02.csproj", "{4954BA8B-FDCD-41FD-8F52-2B4A204554FF}"
EndProject
Project("{2150E333-8FDC-42A3-9474-1A3956D46DE8}") = "Chapter05", "Chapter05", "{4FB62FD2-2CF5-485E-90B8-3C21A8BC354F}"
EndProject
Project("{FAE04EC0-301F-11D3-BF4B-00C04F79EFBC}") = "Exercise01", "Chapter05\Exercise01\Exercise01.csproj", "{C141B68D-F22C-442D-9EEE-7EF11AC5B2A2}"
EndProject
Project("{FAE04EC0-301F-11D3-BF4B-00C04F79EFBC}") = "Exercise02", "Chapter05\Exercise02\Exercise02.csproj", "{0468D36B-B8AA-4D6F-8BC5-0D4E715E43AA}"
EndProject
Project("{FAE04EC0-301F-11D3-BF4B-00C04F79EFBC}") = "Exercise03", "Chapter05\Exercise03\Exercise03.csproj", "{D7B5095C-DA54-4120-B61F-CBE960146095}"
EndProject
Project("{FAE04EC0-301F-11D3-BF4B-00C04F79EFBC}") = "Exercise04", "Chapter05\Exercise05\Exercise04.csproj", "{6A827255-57B1-4E2B-B3EB-B994FE331C5A}"
EndProject
Project("{2150E333-8FDC-42A3-9474-1A3956D46DE8}") = "Chapter06", "Chapter06", "{DBCECC95-DE33-4AB5-BBC2-67699581E808}"
EndProject
Project("{FAE04EC0-301F-11D3-BF4B-00C04F79EFBC}") = "Exercise01", "Chapter06\Exercise01\Exercise01.csproj", "{755F655F-2660-4E18-A807-4B5EC082B174}"
EndProject
Project("{FAE04EC0-301F-11D3-BF4B-00C04F79EFBC}") = "Exercise02", "Chapter06\Exercise02\Exercise02.csproj", "{F27DF745-7B8B-4ADE-8047-2E29EF03B42A}"
EndProject
Project("{2150E333-8FDC-42A3-9474-1A3956D46DE8}") = "FormAppSample", "FormAppSample", "{99A1DE23-4549-49BC-8B14-1AE581BCD36B}"
EndProject
Project("{FAE04EC0-301F-11D3-BF4B-00C04F79EFBC}") = "Sample0603", "FormAppSample\Sample0603\Sample0603.csproj", "{C7EDE3F7-C0C4-4C59-AE70-C81A37FE0BB7}"
EndProject
Project("{FAE04EC0-301F-11D3-BF4B-00C04F79EFBC}") = "Sample0607", "FormAppSample\Sample0607\Sample0607.csproj", "{2C9F0B83-46E4-4522-9FD6-4B0982AF7A47}"
EndProject
Project("{FAE04EC0-301F-11D3-BF4B-00C04F79EFBC}") = "NumberGame", "FormAppSample\NumberGame\NumberGame.csproj", "{4803A997-19A8-49E9-834E-70710A246692}"
EndProject
Project("{FAE04EC0-301F-11D3-BF4B-00C04F79EFBC}") = "AddressBook", "FormAppSample\AddressBook\AddressBook.csproj", "{56846712-B26D-4D03-B059-655D2BE2F875}"
EndProject
Project("{2150E333-8FDC-42A3-9474-1A3956D46DE8}") = "Test202206", "Test202206", "{9C10D534-1115-4C82-AC5A-874FF4ADA9BB}"
EndProject
Project("{FAE04EC0-301F-11D3-BF4B-00C04F79EFBC}") = "Test01", "Test202206\TestProject\Test01\Test01.csproj", "{2BFACDC3-F44D-4199-8498-F5C3C4AC0335}"
EndProject
Project("{FAE04EC0-301F-11D3-BF4B-00C04F79EFBC}") = "Test02", "Test202206\TestProject\Test02\Test02.csproj", "{E461C0A8-8900-485C-B520-E929BA33F712}"
EndProject
Global
	GlobalSection(SolutionConfigurationPlatforms) = preSolution
		Debug|Any CPU = Debug|Any CPU
		Release|Any CPU = Release|Any CPU
	EndGlobalSection
	GlobalSection(ProjectConfigurationPlatforms) = postSolution
		{3EF7A5E0-ECBF-4999-BD43-C1D5830299E4}.Debug|Any CPU.ActiveCfg = Debug|Any CPU
		{3EF7A5E0-ECBF-4999-BD43-C1D5830299E4}.Debug|Any CPU.Build.0 = Debug|Any CPU
		{3EF7A5E0-ECBF-4999-BD43-C1D5830299E4}.Release|Any CPU.ActiveCfg = Release|Any CPU
		{3EF7A5E0-ECBF-4999-BD43-C1D5830299E4}.Release|Any CPU.Build.0 = Release|Any CPU
		{A14266B3-BBD7-43B0-86A2-60CD79A9A0A8}.Debug|Any CPU.ActiveCfg = Debug|Any CPU
		{A14266B3-BBD7-43B0-86A2-60CD79A9A0A8}.Debug|Any CPU.Build.0 = Debug|Any CPU
		{A14266B3-BBD7-43B0-86A2-60CD79A9A0A8}.Release|Any CPU.ActiveCfg = Release|Any CPU
		{A14266B3-BBD7-43B0-86A2-60CD79A9A0A8}.Release|Any CPU.Build.0 = Release|Any CPU
		{527AC9AB-E78A-4935-AB77-D85F7DB34757}.Debug|Any CPU.ActiveCfg = Debug|Any CPU
		{527AC9AB-E78A-4935-AB77-D85F7DB34757}.Debug|Any CPU.Build.0 = Debug|Any CPU
		{527AC9AB-E78A-4935-AB77-D85F7DB34757}.Release|Any CPU.ActiveCfg = Release|Any CPU
		{527AC9AB-E78A-4935-AB77-D85F7DB34757}.Release|Any CPU.Build.0 = Release|Any CPU
		{8E93E2BD-CB77-4192-974A-E92742285D31}.Debug|Any CPU.ActiveCfg = Debug|Any CPU
		{8E93E2BD-CB77-4192-974A-E92742285D31}.Debug|Any CPU.Build.0 = Debug|Any CPU
		{8E93E2BD-CB77-4192-974A-E92742285D31}.Release|Any CPU.ActiveCfg = Release|Any CPU
		{8E93E2BD-CB77-4192-974A-E92742285D31}.Release|Any CPU.Build.0 = Release|Any CPU
		{A5A4A002-FD38-40DF-B73F-DEE02552B417}.Debug|Any CPU.ActiveCfg = Debug|Any CPU
		{A5A4A002-FD38-40DF-B73F-DEE02552B417}.Debug|Any CPU.Build.0 = Debug|Any CPU
		{A5A4A002-FD38-40DF-B73F-DEE02552B417}.Release|Any CPU.ActiveCfg = Release|Any CPU
		{A5A4A002-FD38-40DF-B73F-DEE02552B417}.Release|Any CPU.Build.0 = Release|Any CPU
		{EA620AF5-387E-4D74-BD33-0CD9884184B3}.Debug|Any CPU.ActiveCfg = Debug|Any CPU
		{EA620AF5-387E-4D74-BD33-0CD9884184B3}.Debug|Any CPU.Build.0 = Debug|Any CPU
		{EA620AF5-387E-4D74-BD33-0CD9884184B3}.Release|Any CPU.ActiveCfg = Release|Any CPU
		{EA620AF5-387E-4D74-BD33-0CD9884184B3}.Release|Any CPU.Build.0 = Release|Any CPU
		{FB972F08-1FC0-414F-B700-71318E26A749}.Debug|Any CPU.ActiveCfg = Debug|Any CPU
		{FB972F08-1FC0-414F-B700-71318E26A749}.Debug|Any CPU.Build.0 = Debug|Any CPU
		{FB972F08-1FC0-414F-B700-71318E26A749}.Release|Any CPU.ActiveCfg = Release|Any CPU
		{FB972F08-1FC0-414F-B700-71318E26A749}.Release|Any CPU.Build.0 = Release|Any CPU
		{1DFDDF38-9A46-4338-B038-AD120BAFC6BB}.Debug|Any CPU.ActiveCfg = Debug|Any CPU
		{1DFDDF38-9A46-4338-B038-AD120BAFC6BB}.Debug|Any CPU.Build.0 = Debug|Any CPU
		{1DFDDF38-9A46-4338-B038-AD120BAFC6BB}.Release|Any CPU.ActiveCfg = Release|Any CPU
		{1DFDDF38-9A46-4338-B038-AD120BAFC6BB}.Release|Any CPU.Build.0 = Release|Any CPU
		{9DC9B93D-688F-4B0B-9533-00D90ECACC83}.Debug|Any CPU.ActiveCfg = Debug|Any CPU
		{9DC9B93D-688F-4B0B-9533-00D90ECACC83}.Debug|Any CPU.Build.0 = Debug|Any CPU
		{9DC9B93D-688F-4B0B-9533-00D90ECACC83}.Release|Any CPU.ActiveCfg = Release|Any CPU
		{9DC9B93D-688F-4B0B-9533-00D90ECACC83}.Release|Any CPU.Build.0 = Release|Any CPU
		{8D9DC1AD-B51E-4204-B230-0B52995B9BDB}.Debug|Any CPU.ActiveCfg = Debug|Any CPU
		{8D9DC1AD-B51E-4204-B230-0B52995B9BDB}.Debug|Any CPU.Build.0 = Debug|Any CPU
		{8D9DC1AD-B51E-4204-B230-0B52995B9BDB}.Release|Any CPU.ActiveCfg = Release|Any CPU
		{8D9DC1AD-B51E-4204-B230-0B52995B9BDB}.Release|Any CPU.Build.0 = Release|Any CPU
		{4954BA8B-FDCD-41FD-8F52-2B4A204554FF}.Debug|Any CPU.ActiveCfg = Debug|Any CPU
		{4954BA8B-FDCD-41FD-8F52-2B4A204554FF}.Debug|Any CPU.Build.0 = Debug|Any CPU
		{4954BA8B-FDCD-41FD-8F52-2B4A204554FF}.Release|Any CPU.ActiveCfg = Release|Any CPU
		{4954BA8B-FDCD-41FD-8F52-2B4A204554FF}.Release|Any CPU.Build.0 = Release|Any CPU
		{C141B68D-F22C-442D-9EEE-7EF11AC5B2A2}.Debug|Any CPU.ActiveCfg = Debug|Any CPU
		{C141B68D-F22C-442D-9EEE-7EF11AC5B2A2}.Debug|Any CPU.Build.0 = Debug|Any CPU
		{C141B68D-F22C-442D-9EEE-7EF11AC5B2A2}.Release|Any CPU.ActiveCfg = Release|Any CPU
		{C141B68D-F22C-442D-9EEE-7EF11AC5B2A2}.Release|Any CPU.Build.0 = Release|Any CPU
		{0468D36B-B8AA-4D6F-8BC5-0D4E715E43AA}.Debug|Any CPU.ActiveCfg = Debug|Any CPU
		{0468D36B-B8AA-4D6F-8BC5-0D4E715E43AA}.Debug|Any CPU.Build.0 = Debug|Any CPU
		{0468D36B-B8AA-4D6F-8BC5-0D4E715E43AA}.Release|Any CPU.ActiveCfg = Release|Any CPU
		{0468D36B-B8AA-4D6F-8BC5-0D4E715E43AA}.Release|Any CPU.Build.0 = Release|Any CPU
		{D7B5095C-DA54-4120-B61F-CBE960146095}.Debug|Any CPU.ActiveCfg = Debug|Any CPU
		{D7B5095C-DA54-4120-B61F-CBE960146095}.Debug|Any CPU.Build.0 = Debug|Any CPU
		{D7B5095C-DA54-4120-B61F-CBE960146095}.Release|Any CPU.ActiveCfg = Release|Any CPU
		{D7B5095C-DA54-4120-B61F-CBE960146095}.Release|Any CPU.Build.0 = Release|Any CPU
		{6A827255-57B1-4E2B-B3EB-B994FE331C5A}.Debug|Any CPU.ActiveCfg = Debug|Any CPU
		{6A827255-57B1-4E2B-B3EB-B994FE331C5A}.Debug|Any CPU.Build.0 = Debug|Any CPU
		{6A827255-57B1-4E2B-B3EB-B994FE331C5A}.Release|Any CPU.ActiveCfg = Release|Any CPU
		{6A827255-57B1-4E2B-B3EB-B994FE331C5A}.Release|Any CPU.Build.0 = Release|Any CPU
		{755F655F-2660-4E18-A807-4B5EC082B174}.Debug|Any CPU.ActiveCfg = Debug|Any CPU
		{755F655F-2660-4E18-A807-4B5EC082B174}.Debug|Any CPU.Build.0 = Debug|Any CPU
		{755F655F-2660-4E18-A807-4B5EC082B174}.Release|Any CPU.ActiveCfg = Release|Any CPU
		{755F655F-2660-4E18-A807-4B5EC082B174}.Release|Any CPU.Build.0 = Release|Any CPU
		{F27DF745-7B8B-4ADE-8047-2E29EF03B42A}.Debug|Any CPU.ActiveCfg = Debug|Any CPU
		{F27DF745-7B8B-4ADE-8047-2E29EF03B42A}.Debug|Any CPU.Build.0 = Debug|Any CPU
		{F27DF745-7B8B-4ADE-8047-2E29EF03B42A}.Release|Any CPU.ActiveCfg = Release|Any CPU
		{F27DF745-7B8B-4ADE-8047-2E29EF03B42A}.Release|Any CPU.Build.0 = Release|Any CPU
		{C7EDE3F7-C0C4-4C59-AE70-C81A37FE0BB7}.Debug|Any CPU.ActiveCfg = Debug|Any CPU
		{C7EDE3F7-C0C4-4C59-AE70-C81A37FE0BB7}.Debug|Any CPU.Build.0 = Debug|Any CPU
		{C7EDE3F7-C0C4-4C59-AE70-C81A37FE0BB7}.Release|Any CPU.ActiveCfg = Release|Any CPU
		{C7EDE3F7-C0C4-4C59-AE70-C81A37FE0BB7}.Release|Any CPU.Build.0 = Release|Any CPU
		{2C9F0B83-46E4-4522-9FD6-4B0982AF7A47}.Debug|Any CPU.ActiveCfg = Debug|Any CPU
		{2C9F0B83-46E4-4522-9FD6-4B0982AF7A47}.Debug|Any CPU.Build.0 = Debug|Any CPU
		{2C9F0B83-46E4-4522-9FD6-4B0982AF7A47}.Release|Any CPU.ActiveCfg = Release|Any CPU
		{2C9F0B83-46E4-4522-9FD6-4B0982AF7A47}.Release|Any CPU.Build.0 = Release|Any CPU
		{4803A997-19A8-49E9-834E-70710A246692}.Debug|Any CPU.ActiveCfg = Debug|Any CPU
		{4803A997-19A8-49E9-834E-70710A246692}.Debug|Any CPU.Build.0 = Debug|Any CPU
		{4803A997-19A8-49E9-834E-70710A246692}.Release|Any CPU.ActiveCfg = Release|Any CPU
		{4803A997-19A8-49E9-834E-70710A246692}.Release|Any CPU.Build.0 = Release|Any CPU
		{56846712-B26D-4D03-B059-655D2BE2F875}.Debug|Any CPU.ActiveCfg = Debug|Any CPU
		{56846712-B26D-4D03-B059-655D2BE2F875}.Debug|Any CPU.Build.0 = Debug|Any CPU
		{56846712-B26D-4D03-B059-655D2BE2F875}.Release|Any CPU.ActiveCfg = Release|Any CPU
		{56846712-B26D-4D03-B059-655D2BE2F875}.Release|Any CPU.Build.0 = Release|Any CPU
		{2BFACDC3-F44D-4199-8498-F5C3C4AC0335}.Debug|Any CPU.ActiveCfg = Debug|Any CPU
		{2BFACDC3-F44D-4199-8498-F5C3C4AC0335}.Debug|Any CPU.Build.0 = Debug|Any CPU
		{2BFACDC3-F44D-4199-8498-F5C3C4AC0335}.Release|Any CPU.ActiveCfg = Release|Any CPU
		{2BFACDC3-F44D-4199-8498-F5C3C4AC0335}.Release|Any CPU.Build.0 = Release|Any CPU
		{E461C0A8-8900-485C-B520-E929BA33F712}.Debug|Any CPU.ActiveCfg = Debug|Any CPU
		{E461C0A8-8900-485C-B520-E929BA33F712}.Debug|Any CPU.Build.0 = Debug|Any CPU
		{E461C0A8-8900-485C-B520-E929BA33F712}.Release|Any CPU.ActiveCfg = Release|Any CPU
		{E461C0A8-8900-485C-B520-E929BA33F712}.Release|Any CPU.Build.0 = Release|Any CPU
	EndGlobalSection
	GlobalSection(SolutionProperties) = preSolution
		HideSolutionNode = FALSE
	EndGlobalSection
	GlobalSection(NestedProjects) = preSolution
		{3EF7A5E0-ECBF-4999-BD43-C1D5830299E4} = {6D55E7E9-1B83-47F8-A7D6-4F644E508D61}
		{A14266B3-BBD7-43B0-86A2-60CD79A9A0A8} = {6D55E7E9-1B83-47F8-A7D6-4F644E508D61}
		{527AC9AB-E78A-4935-AB77-D85F7DB34757} = {6D55E7E9-1B83-47F8-A7D6-4F644E508D61}
		{8E93E2BD-CB77-4192-974A-E92742285D31} = {6D55E7E9-1B83-47F8-A7D6-4F644E508D61}
		{A5A4A002-FD38-40DF-B73F-DEE02552B417} = {6D55E7E9-1B83-47F8-A7D6-4F644E508D61}
		{EA620AF5-387E-4D74-BD33-0CD9884184B3} = {9B3AADC7-8B07-4153-AB5C-6D40CB6A162B}
		{FB972F08-1FC0-414F-B700-71318E26A749} = {9B3AADC7-8B07-4153-AB5C-6D40CB6A162B}
		{1DFDDF38-9A46-4338-B038-AD120BAFC6BB} = {9B3AADC7-8B07-4153-AB5C-6D40CB6A162B}
		{9DC9B93D-688F-4B0B-9533-00D90ECACC83} = {9B3AADC7-8B07-4153-AB5C-6D40CB6A162B}
		{8D9DC1AD-B51E-4204-B230-0B52995B9BDB} = {15FD1607-0609-4183-B8A8-5C06C4741509}
		{4954BA8B-FDCD-41FD-8F52-2B4A204554FF} = {15FD1607-0609-4183-B8A8-5C06C4741509}
		{C141B68D-F22C-442D-9EEE-7EF11AC5B2A2} = {4FB62FD2-2CF5-485E-90B8-3C21A8BC354F}
		{0468D36B-B8AA-4D6F-8BC5-0D4E715E43AA} = {4FB62FD2-2CF5-485E-90B8-3C21A8BC354F}
		{D7B5095C-DA54-4120-B61F-CBE960146095} = {4FB62FD2-2CF5-485E-90B8-3C21A8BC354F}
		{6A827255-57B1-4E2B-B3EB-B994FE331C5A} = {4FB62FD2-2CF5-485E-90B8-3C21A8BC354F}
		{755F655F-2660-4E18-A807-4B5EC082B174} = {DBCECC95-DE33-4AB5-BBC2-67699581E808}
		{F27DF745-7B8B-4ADE-8047-2E29EF03B42A} = {DBCECC95-DE33-4AB5-BBC2-67699581E808}
		{C7EDE3F7-C0C4-4C59-AE70-C81A37FE0BB7} = {99A1DE23-4549-49BC-8B14-1AE581BCD36B}
		{2C9F0B83-46E4-4522-9FD6-4B0982AF7A47} = {99A1DE23-4549-49BC-8B14-1AE581BCD36B}
		{4803A997-19A8-49E9-834E-70710A246692} = {99A1DE23-4549-49BC-8B14-1AE581BCD36B}
		{56846712-B26D-4D03-B059-655D2BE2F875} = {99A1DE23-4549-49BC-8B14-1AE581BCD36B}
		{2BFACDC3-F44D-4199-8498-F5C3C4AC0335} = {9C10D534-1115-4C82-AC5A-874FF4ADA9BB}
		{E461C0A8-8900-485C-B520-E929BA33F712} = {9C10D534-1115-4C82-AC5A-874FF4ADA9BB}
	EndGlobalSection
	GlobalSection(ExtensibilityGlobals) = postSolution
		SolutionGuid = {F871291D-6110-438A-A7FB-376200DE7A4E}
	EndGlobalSection
EndGlobal
